Microsoft Visual Studio Solution File, Format Version 12.00
# Visual Studio Version 16
VisualStudioVersion = 16.0.29411.108
MinimumVisualStudioVersion = 10.0.40219.1
Project("{FAE04EC0-301F-11D3-BF4B-00C04F79EFBC}") = "RideCompare.Android", "RideCompare.Android\RideCompare.Android.csproj", "{236E65A2-B158-4528-9C06-398F81981202}"
EndProject
Project("{FAE04EC0-301F-11D3-BF4B-00C04F79EFBC}") = "RideCompare.iOS", "RideCompare.iOS\RideCompare.iOS.csproj", "{DC7FAA30-5285-4146-9D25-569C34B34773}"
EndProject
Project("{9A19103F-16F7-4668-BE54-9A1E7A4F7556}") = "RideCompare", "RideCompare\RideCompare.csproj", "{0BDBC778-3C24-4C08-8EF7-346DD7041C70}"
EndProject
Global
	GlobalSection(SolutionConfigurationPlatforms) = preSolution
		Ad-Hoc|Any CPU = Ad-Hoc|Any CPU
		Ad-Hoc|iPhone = Ad-Hoc|iPhone
		Ad-Hoc|iPhoneSimulator = Ad-Hoc|iPhoneSimulator
		AppStore|Any CPU = AppStore|Any CPU
		AppStore|iPhone = AppStore|iPhone
		AppStore|iPhoneSimulator = AppStore|iPhoneSimulator
		Debug|Any CPU = Debug|Any CPU
		Debug|iPhone = Debug|iPhone
		Debug|iPhoneSimulator = Debug|iPhoneSimulator
		Release|Any CPU = Release|Any CPU
		Release|iPhone = Release|iPhone
		Release|iPhoneSimulator = Release|iPhoneSimulator
	EndGlobalSection
	GlobalSection(ProjectConfigurationPlatforms) = postSolution
		{236E65A2-B158-4528-9C06-398F81981202}.Ad-Hoc|Any CPU.ActiveCfg = Release|Any CPU
		{236E65A2-B158-4528-9C06-398F81981202}.Ad-Hoc|Any CPU.Build.0 = Release|Any CPU
		{236E65A2-B158-4528-9C06-398F81981202}.Ad-Hoc|Any CPU.Deploy.0 = Release|Any CPU
		{236E65A2-B158-4528-9C06-398F81981202}.Ad-Hoc|iPhone.ActiveCfg = Release|Any CPU
		{236E65A2-B158-4528-9C06-398F81981202}.Ad-Hoc|iPhone.Build.0 = Release|Any CPU
		{236E65A2-B158-4528-9C06-398F81981202}.Ad-Hoc|iPhone.Deploy.0 = Release|Any CPU
		{236E65A2-B158-4528-9C06-398F81981202}.Ad-Hoc|iPhoneSimulator.ActiveCfg = Release|Any CPU
		{236E65A2-B158-4528-9C06-398F81981202}.Ad-Hoc|iPhoneSimulator.Build.0 = Release|Any CPU
		{236E65A2-B158-4528-9C06-398F81981202}.Ad-Hoc|iPhoneSimulator.Deploy.0 = Release|Any CPU
		{236E65A2-B158-4528-9C06-398F81981202}.AppStore|Any CPU.ActiveCfg = Release|Any CPU
		{236E65A2-B158-4528-9C06-398F81981202}.AppStore|Any CPU.Build.0 = Release|Any CPU
		{236E65A2-B158-4528-9C06-398F81981202}.AppStore|Any CPU.Deploy.0 = Release|Any CPU
		{236E65A2-B158-4528-9C06-398F81981202}.AppStore|iPhone.ActiveCfg = Release|Any CPU
		{236E65A2-B158-4528-9C06-398F81981202}.AppStore|iPhone.Build.0 = Release|Any CPU
		{236E65A2-B158-4528-9C06-398F81981202}.AppStore|iPhone.Deploy.0 = Release|Any CPU
		{236E65A2-B158-4528-9C06-398F81981202}.AppStore|iPhoneSimulator.ActiveCfg = Release|Any CPU
		{236E65A2-B158-4528-9C06-398F81981202}.AppStore|iPhoneSimulator.Build.0 = Release|Any CPU
		{236E65A2-B158-4528-9C06-398F81981202}.AppStore|iPhoneSimulator.Deploy.0 = Release|Any CPU
		{236E65A2-B158-4528-9C06-398F81981202}.Debug|Any CPU.ActiveCfg = Debug|Any CPU
		{236E65A2-B158-4528-9C06-398F81981202}.Debug|Any CPU.Build.0 = Debug|Any CPU
		{236E65A2-B158-4528-9C06-398F81981202}.Debug|iPhone.ActiveCfg = Debug|Any CPU
		{236E65A2-B158-4528-9C06-398F81981202}.Debug|iPhone.Build.0 = Debug|Any CPU
		{236E65A2-B158-4528-9C06-398F81981202}.Debug|iPhone.Deploy.0 = Debug|Any CPU
		{236E65A2-B158-4528-9C06-398F81981202}.Debug|iPhoneSimulator.ActiveCfg = Debug|Any CPU
		{236E65A2-B158-4528-9C06-398F81981202}.Debug|iPhoneSimulator.Build.0 = Debug|Any CPU
		{236E65A2-B158-4528-9C06-398F81981202}.Debug|iPhoneSimulator.Deploy.0 = Debug|Any CPU
		{236E65A2-B158-4528-9C06-398F81981202}.Release|Any CPU.ActiveCfg = Release|Any CPU
		{236E65A2-B158-4528-9C06-398F81981202}.Release|Any CPU.Build.0 = Release|Any CPU
		{236E65A2-B158-4528-9C06-398F81981202}.Release|Any CPU.Deploy.0 = Release|Any CPU
		{236E65A2-B158-4528-9C06-398F81981202}.Release|iPhone.ActiveCfg = Release|Any CPU
		{236E65A2-B158-4528-9C06-398F81981202}.Release|iPhone.Build.0 = Release|Any CPU
		{236E65A2-B158-4528-9C06-398F81981202}.Release|iPhone.Deploy.0 = Release|Any CPU
		{236E65A2-B158-4528-9C06-398F81981202}.Release|iPhoneSimulator.ActiveCfg = Release|Any CPU
		{236E65A2-B158-4528-9C06-398F81981202}.Release|iPhoneSimulator.Build.0 = Release|Any CPU
		{236E65A2-B158-4528-9C06-398F81981202}.Release|iPhoneSimulator.Deploy.0 = Release|Any CPU
		{DC7FAA30-5285-4146-9D25-569C34B34773}.Ad-Hoc|Any CPU.ActiveCfg = Ad-Hoc|iPhoneSimulator
		{DC7FAA30-5285-4146-9D25-569C34B34773}.Ad-Hoc|iPhone.ActiveCfg = Ad-Hoc|iPhone
		{DC7FAA30-5285-4146-9D25-569C34B34773}.Ad-Hoc|iPhone.Build.0 = Ad-Hoc|iPhone
		{DC7FAA30-5285-4146-9D25-569C34B34773}.Ad-Hoc|iPhoneSimulator.ActiveCfg = Ad-Hoc|iPhoneSimulator
		{DC7FAA30-5285-4146-9D25-569C34B34773}.Ad-Hoc|iPhoneSimulator.Build.0 = Ad-Hoc|iPhoneSimulator
		{DC7FAA30-5285-4146-9D25-569C34B34773}.AppStore|Any CPU.ActiveCfg = AppStore|iPhoneSimulator
		{DC7FAA30-5285-4146-9D25-569C34B34773}.AppStore|iPhone.ActiveCfg = AppStore|iPhone
		{DC7FAA30-5285-4146-9D25-569C34B34773}.AppStore|iPhone.Build.0 = AppStore|iPhone
		{DC7FAA30-5285-4146-9D25-569C34B34773}.AppStore|iPhoneSimulator.ActiveCfg = AppStore|iPhoneSimulator
		{DC7FAA30-5285-4146-9D25-569C34B34773}.AppStore|iPhoneSimulator.Build.0 = AppStore|iPhoneSimulator
		{DC7FAA30-5285-4146-9D25-569C34B34773}.Debug|Any CPU.ActiveCfg = Debug|iPhoneSimulator
		{DC7FAA30-5285-4146-9D25-569C34B34773}.Debug|Any CPU.Build.0 = Debug|iPhoneSimulator
		{DC7FAA30-5285-4146-9D25-569C34B34773}.Debug|iPhone.ActiveCfg = Debug|iPhone
		{DC7FAA30-5285-4146-9D25-569C34B34773}.Debug|iPhone.Build.0 = Debug|iPhone
		{DC7FAA30-5285-4146-9D25-569C34B34773}.Debug|iPhoneSimulator.ActiveCfg = Debug|iPhoneSimulator
		{DC7FAA30-5285-4146-9D25-569C34B34773}.Debug|iPhoneSimulator.Build.0 = Debug|iPhoneSimulator
		{DC7FAA30-5285-4146-9D25-569C34B34773}.Release|Any CPU.ActiveCfg = Release|iPhoneSimulator
		{DC7FAA30-5285-4146-9D25-569C34B34773}.Release|Any CPU.Build.0 = Release|iPhoneSimulator
		{DC7FAA30-5285-4146-9D25-569C34B34773}.Release|iPhone.ActiveCfg = Release|iPhone
		{DC7FAA30-5285-4146-9D25-569C34B34773}.Release|iPhone.Build.0 = Release|iPhone
		{DC7FAA30-5285-4146-9D25-569C34B34773}.Release|iPhoneSimulator.ActiveCfg = Release|iPhoneSimulator
		{DC7FAA30-5285-4146-9D25-569C34B34773}.Release|iPhoneSimulator.Build.0 = Release|iPhoneSimulator
		{0BDBC778-3C24-4C08-8EF7-346DD7041C70}.Ad-Hoc|Any CPU.ActiveCfg = Release|Any CPU
		{0BDBC778-3C24-4C08-8EF7-346DD7041C70}.Ad-Hoc|Any CPU.Build.0 = Release|Any CPU
		{0BDBC778-3C24-4C08-8EF7-346DD7041C70}.Ad-Hoc|iPhone.ActiveCfg = Debug|Any CPU
		{0BDBC778-3C24-4C08-8EF7-346DD7041C70}.Ad-Hoc|iPhone.Build.0 = Debug|Any CPU
		{0BDBC778-3C24-4C08-8EF7-346DD7041C70}.Ad-Hoc|iPhoneSimulator.ActiveCfg = Release|Any CPU
		{0BDBC778-3C24-4C08-8EF7-346DD7041C70}.Ad-Hoc|iPhoneSimulator.Build.0 = Release|Any CPU
		{0BDBC778-3C24-4C08-8EF7-346DD7041C70}.AppStore|Any CPU.ActiveCfg = Release|Any CPU
		{0BDBC778-3C24-4C08-8EF7-346DD7041C70}.AppStore|Any CPU.Build.0 = Release|Any CPU
		{0BDBC778-3C24-4C08-8EF7-346DD7041C70}.AppStore|iPhone.ActiveCfg = Debug|Any CPU
		{0BDBC778-3C24-4C08-8EF7-346DD7041C70}.AppStore|iPhone.Build.0 = Debug|Any CPU
		{0BDBC778-3C24-4C08-8EF7-346DD7041C70}.AppStore|iPhoneSimulator.ActiveCfg = Release|Any CPU
		{0BDBC778-3C24-4C08-8EF7-346DD7041C70}.AppStore|iPhoneSimulator.Build.0 = Release|Any CPU
		{0BDBC778-3C24-4C08-8EF7-346DD7041C70}.Debug|Any CPU.ActiveCfg = Debug|Any CPU
		{0BDBC778-3C24-4C08-8EF7-346DD7041C70}.Debug|Any CPU.Build.0 = Debug|Any CPU
		{0BDBC778-3C24-4C08-8EF7-346DD7041C70}.Debug|iPhone.ActiveCfg = Debug|Any CPU
		{0BDBC778-3C24-4C08-8EF7-346DD7041C70}.Debug|iPhone.Build.0 = Debug|Any CPU
		{0BDBC778-3C24-4C08-8EF7-346DD7041C70}.Debug|iPhoneSimulator.ActiveCfg = Debug|Any CPU
		{0BDBC778-3C24-4C08-8EF7-346DD7041C70}.Debug|iPhoneSimulator.Build.0 = Debug|Any CPU
		{0BDBC778-3C24-4C08-8EF7-346DD7041C70}.Release|Any CPU.ActiveCfg = Release|Any CPU
		{0BDBC778-3C24-4C08-8EF7-346DD7041C70}.Release|Any CPU.Build.0 = Release|Any CPU
		{0BDBC778-3C24-4C08-8EF7-346DD7041C70}.Release|iPhone.ActiveCfg = Release|Any CPU
		{0BDBC778-3C24-4C08-8EF7-346DD7041C70}.Release|iPhone.Build.0 = Release|Any CPU
		{0BDBC778-3C24-4C08-8EF7-346DD7041C70}.Release|iPhoneSimulator.ActiveCfg = Release|Any CPU
		{0BDBC778-3C24-4C08-8EF7-346DD7041C70}.Release|iPhoneSimulator.Build.0 = Release|Any CPU
	EndGlobalSection
	GlobalSection(SolutionProperties) = preSolution
		HideSolutionNode = FALSE
	EndGlobalSection
	GlobalSection(ExtensibilityGlobals) = postSolution
		SolutionGuid = {D800B4FB-7204-4CCC-BC6B-0DC80E1712E7}
	EndGlobalSection
	GlobalSection(MonoDevelopProperties) = preSolution
		Policies = $0
		$0.VersionControlPolicy = $1
		$1.CommitMessageStyle = $2
		$2.FirstFilePrefix = 
		$2.FileSeparator = @:\n
		$2.LineAlign = 0
	EndGlobalSection
EndGlobal
