
Microsoft Visual Studio Solution File, Format Version 12.00
# Visual Studio 15
Project("{FAE04EC0-301F-11D3-BF4B-00C04F79EFBC}") = "RideCompare.Android", "RideCompare.Android\RideCompare.Android.csproj", "{236E65A2-B158-4528-9C06-398F81981202}"
EndProject
Project("{FAE04EC0-301F-11D3-BF4B-00C04F79EFBC}") = "RideCompare.iOS", "RideCompare.iOS\RideCompare.iOS.csproj", "{DC7FAA30-5285-4146-9D25-569C34B34773}"
EndProject
Project("{FAE04EC0-301F-11D3-BF4B-00C04F79EFBC}") = "RideCompare", "RideCompare\RideCompare.csproj", "{0BDBC778-3C24-4C08-8EF7-346DD7041C70}"
EndProject
Global
	GlobalSection(SolutionConfigurationPlatforms) = preSolution
		Debug|Any CPU = Debug|Any CPU
		Release|Any CPU = Release|Any CPU
		Debug|iPhoneSimulator = Debug|iPhoneSimulator
		Release|iPhoneSimulator = Release|iPhoneSimulator
		Debug|iPhone = Debug|iPhone
		Release|iPhone = Release|iPhone
		Ad-Hoc|iPhone = Ad-Hoc|iPhone
		AppStore|iPhone = AppStore|iPhone
	EndGlobalSection
	GlobalSection(ProjectConfigurationPlatforms) = postSolution
		{DC7FAA30-5285-4146-9D25-569C34B34773}.Debug|Any CPU.ActiveCfg = Debug|iPhoneSimulator
		{DC7FAA30-5285-4146-9D25-569C34B34773}.Debug|Any CPU.Build.0 = Debug|iPhoneSimulator
		{DC7FAA30-5285-4146-9D25-569C34B34773}.Release|Any CPU.ActiveCfg = Release|iPhoneSimulator
		{DC7FAA30-5285-4146-9D25-569C34B34773}.Release|Any CPU.Build.0 = Release|iPhoneSimulator
		{DC7FAA30-5285-4146-9D25-569C34B34773}.Debug|iPhoneSimulator.ActiveCfg = Debug|iPhoneSimulator
		{DC7FAA30-5285-4146-9D25-569C34B34773}.Debug|iPhoneSimulator.Build.0 = Debug|iPhoneSimulator
		{DC7FAA30-5285-4146-9D25-569C34B34773}.Release|iPhoneSimulator.ActiveCfg = Release|iPhoneSimulator
		{DC7FAA30-5285-4146-9D25-569C34B34773}.Release|iPhoneSimulator.Build.0 = Release|iPhoneSimulator
		{DC7FAA30-5285-4146-9D25-569C34B34773}.Debug|iPhone.ActiveCfg = Debug|iPhone
		{DC7FAA30-5285-4146-9D25-569C34B34773}.Debug|iPhone.Build.0 = Debug|iPhone
		{DC7FAA30-5285-4146-9D25-569C34B34773}.Release|iPhone.ActiveCfg = Release|iPhone
		{DC7FAA30-5285-4146-9D25-569C34B34773}.Release|iPhone.Build.0 = Release|iPhone
		{DC7FAA30-5285-4146-9D25-569C34B34773}.Ad-Hoc|iPhone.ActiveCfg = Ad-Hoc|iPhone
		{DC7FAA30-5285-4146-9D25-569C34B34773}.Ad-Hoc|iPhone.Build.0 = Ad-Hoc|iPhone
		{DC7FAA30-5285-4146-9D25-569C34B34773}.AppStore|iPhone.ActiveCfg = AppStore|iPhone
		{DC7FAA30-5285-4146-9D25-569C34B34773}.AppStore|iPhone.Build.0 = AppStore|iPhone
		{0BDBC778-3C24-4C08-8EF7-346DD7041C70}.Debug|Any CPU.ActiveCfg = Debug|Any CPU
		{0BDBC778-3C24-4C08-8EF7-346DD7041C70}.Debug|Any CPU.Build.0 = Debug|Any CPU
		{0BDBC778-3C24-4C08-8EF7-346DD7041C70}.Release|Any CPU.ActiveCfg = Release|Any CPU
		{0BDBC778-3C24-4C08-8EF7-346DD7041C70}.Release|Any CPU.Build.0 = Release|Any CPU
		{0BDBC778-3C24-4C08-8EF7-346DD7041C70}.Debug|iPhoneSimulator.ActiveCfg = Debug|Any CPU
		{0BDBC778-3C24-4C08-8EF7-346DD7041C70}.Debug|iPhoneSimulator.Build.0 = Debug|Any CPU
		{0BDBC778-3C24-4C08-8EF7-346DD7041C70}.Release|iPhoneSimulator.ActiveCfg = Release|Any CPU
		{0BDBC778-3C24-4C08-8EF7-346DD7041C70}.Release|iPhoneSimulator.Build.0 = Release|Any CPU
		{0BDBC778-3C24-4C08-8EF7-346DD7041C70}.Debug|iPhone.ActiveCfg = Debug|Any CPU
		{0BDBC778-3C24-4C08-8EF7-346DD7041C70}.Debug|iPhone.Build.0 = Debug|Any CPU
		{0BDBC778-3C24-4C08-8EF7-346DD7041C70}.Release|iPhone.ActiveCfg = Release|Any CPU
		{0BDBC778-3C24-4C08-8EF7-346DD7041C70}.Release|iPhone.Build.0 = Release|Any CPU
		{0BDBC778-3C24-4C08-8EF7-346DD7041C70}.Ad-Hoc|iPhone.ActiveCfg = Debug|Any CPU
		{0BDBC778-3C24-4C08-8EF7-346DD7041C70}.Ad-Hoc|iPhone.Build.0 = Debug|Any CPU
		{0BDBC778-3C24-4C08-8EF7-346DD7041C70}.AppStore|iPhone.ActiveCfg = Debug|Any CPU
		{0BDBC778-3C24-4C08-8EF7-346DD7041C70}.AppStore|iPhone.Build.0 = Debug|Any CPU
		{236E65A2-B158-4528-9C06-398F81981202}.Debug|Any CPU.ActiveCfg = Debug|Any CPU
		{236E65A2-B158-4528-9C06-398F81981202}.Debug|Any CPU.Build.0 = Debug|Any CPU
	EndGlobalSection
	GlobalSection(MonoDevelopProperties) = preSolution
		Policies = $0
		$0.VersionControlPolicy = $1
		$1.CommitMessageStyle = $2
		$2.FirstFilePrefix = 
		$2.FileSeparator = @:\n
		$2.LineAlign = 0
	EndGlobalSection
EndGlobal
